
Microsoft Visual Studio Solution File, Format Version 12.00
# Visual Studio Version 17
VisualStudioVersion = 17.14.36414.22 d17.14
MinimumVisualStudioVersion = 10.0.40219.1
Project("{C7167F0D-BC9F-4E6E-AFE1-012C56B48DB5}") = "Laboratorio101", "Laboratorio10\Laboratorio101.wapproj", "{3E9F529C-FDCC-49C3-9712-66B3494437D7}"
EndProject
Project("{C7167F0D-BC9F-4E6E-AFE1-012C56B48DB5}") = "Laboratorio102", "Laboratorio102\Laboratorio102.wapproj", "{B072A5E2-F903-4395-A548-61583A877621}"
EndProject
Project("{C7167F0D-BC9F-4E6E-AFE1-012C56B48DB5}") = "Laboratorio103", "Laboratorio103\Laboratorio103.wapproj", "{13E313B0-45D8-48AB-B6BB-9FFE74E7F2A7}"
EndProject
Project("{C7167F0D-BC9F-4E6E-AFE1-012C56B48DB5}") = "Laboratorio104", "Laboratorio104\Laboratorio104.wapproj", "{89D2E384-5851-4F82-A282-66CF9BE4B006}"
EndProject
Global
	GlobalSection(SolutionConfigurationPlatforms) = preSolution
		Debug|Any CPU = Debug|Any CPU
		Debug|ARM = Debug|ARM
		Debug|ARM64 = Debug|ARM64
		Debug|x64 = Debug|x64
		Debug|x86 = Debug|x86
		Release|Any CPU = Release|Any CPU
		Release|ARM = Release|ARM
		Release|ARM64 = Release|ARM64
		Release|x64 = Release|x64
		Release|x86 = Release|x86
	EndGlobalSection
	GlobalSection(ProjectConfigurationPlatforms) = postSolution
		{3E9F529C-FDCC-49C3-9712-66B3494437D7}.Debug|Any CPU.ActiveCfg = Debug|Any CPU
		{3E9F529C-FDCC-49C3-9712-66B3494437D7}.Debug|Any CPU.Build.0 = Debug|Any CPU
		{3E9F529C-FDCC-49C3-9712-66B3494437D7}.Debug|Any CPU.Deploy.0 = Debug|Any CPU
		{3E9F529C-FDCC-49C3-9712-66B3494437D7}.Debug|ARM.ActiveCfg = Debug|ARM
		{3E9F529C-FDCC-49C3-9712-66B3494437D7}.Debug|ARM.Build.0 = Debug|ARM
		{3E9F529C-FDCC-49C3-9712-66B3494437D7}.Debug|ARM.Deploy.0 = Debug|ARM
		{3E9F529C-FDCC-49C3-9712-66B3494437D7}.Debug|ARM64.ActiveCfg = Debug|ARM64
		{3E9F529C-FDCC-49C3-9712-66B3494437D7}.Debug|ARM64.Build.0 = Debug|ARM64
		{3E9F529C-FDCC-49C3-9712-66B3494437D7}.Debug|ARM64.Deploy.0 = Debug|ARM64
		{3E9F529C-FDCC-49C3-9712-66B3494437D7}.Debug|x64.ActiveCfg = Debug|x64
		{3E9F529C-FDCC-49C3-9712-66B3494437D7}.Debug|x64.Build.0 = Debug|x64
		{3E9F529C-FDCC-49C3-9712-66B3494437D7}.Debug|x64.Deploy.0 = Debug|x64
		{3E9F529C-FDCC-49C3-9712-66B3494437D7}.Debug|x86.ActiveCfg = Debug|x86
		{3E9F529C-FDCC-49C3-9712-66B3494437D7}.Debug|x86.Build.0 = Debug|x86
		{3E9F529C-FDCC-49C3-9712-66B3494437D7}.Debug|x86.Deploy.0 = Debug|x86
		{3E9F529C-FDCC-49C3-9712-66B3494437D7}.Release|Any CPU.ActiveCfg = Release|Any CPU
		{3E9F529C-FDCC-49C3-9712-66B3494437D7}.Release|Any CPU.Build.0 = Release|Any CPU
		{3E9F529C-FDCC-49C3-9712-66B3494437D7}.Release|Any CPU.Deploy.0 = Release|Any CPU
		{3E9F529C-FDCC-49C3-9712-66B3494437D7}.Release|ARM.ActiveCfg = Release|ARM
		{3E9F529C-FDCC-49C3-9712-66B3494437D7}.Release|ARM.Build.0 = Release|ARM
		{3E9F529C-FDCC-49C3-9712-66B3494437D7}.Release|ARM.Deploy.0 = Release|ARM
		{3E9F529C-FDCC-49C3-9712-66B3494437D7}.Release|ARM64.ActiveCfg = Release|ARM64
		{3E9F529C-FDCC-49C3-9712-66B3494437D7}.Release|ARM64.Build.0 = Release|ARM64
		{3E9F529C-FDCC-49C3-9712-66B3494437D7}.Release|ARM64.Deploy.0 = Release|ARM64
		{3E9F529C-FDCC-49C3-9712-66B3494437D7}.Release|x64.ActiveCfg = Release|x64
		{3E9F529C-FDCC-49C3-9712-66B3494437D7}.Release|x64.Build.0 = Release|x64
		{3E9F529C-FDCC-49C3-9712-66B3494437D7}.Release|x64.Deploy.0 = Release|x64
		{3E9F529C-FDCC-49C3-9712-66B3494437D7}.Release|x86.ActiveCfg = Release|x86
		{3E9F529C-FDCC-49C3-9712-66B3494437D7}.Release|x86.Build.0 = Release|x86
		{3E9F529C-FDCC-49C3-9712-66B3494437D7}.Release|x86.Deploy.0 = Release|x86
		{B072A5E2-F903-4395-A548-61583A877621}.Debug|Any CPU.ActiveCfg = Debug|Any CPU
		{B072A5E2-F903-4395-A548-61583A877621}.Debug|Any CPU.Build.0 = Debug|Any CPU
		{B072A5E2-F903-4395-A548-61583A877621}.Debug|Any CPU.Deploy.0 = Debug|Any CPU
		{B072A5E2-F903-4395-A548-61583A877621}.Debug|ARM.ActiveCfg = Debug|ARM
		{B072A5E2-F903-4395-A548-61583A877621}.Debug|ARM.Build.0 = Debug|ARM
		{B072A5E2-F903-4395-A548-61583A877621}.Debug|ARM.Deploy.0 = Debug|ARM
		{B072A5E2-F903-4395-A548-61583A877621}.Debug|ARM64.ActiveCfg = Debug|ARM64
		{B072A5E2-F903-4395-A548-61583A877621}.Debug|ARM64.Build.0 = Debug|ARM64
		{B072A5E2-F903-4395-A548-61583A877621}.Debug|ARM64.Deploy.0 = Debug|ARM64
		{B072A5E2-F903-4395-A548-61583A877621}.Debug|x64.ActiveCfg = Debug|x64
		{B072A5E2-F903-4395-A548-61583A877621}.Debug|x64.Build.0 = Debug|x64
		{B072A5E2-F903-4395-A548-61583A877621}.Debug|x64.Deploy.0 = Debug|x64
		{B072A5E2-F903-4395-A548-61583A877621}.Debug|x86.ActiveCfg = Debug|x86
		{B072A5E2-F903-4395-A548-61583A877621}.Debug|x86.Build.0 = Debug|x86
		{B072A5E2-F903-4395-A548-61583A877621}.Debug|x86.Deploy.0 = Debug|x86
		{B072A5E2-F903-4395-A548-61583A877621}.Release|Any CPU.ActiveCfg = Release|Any CPU
		{B072A5E2-F903-4395-A548-61583A877621}.Release|Any CPU.Build.0 = Release|Any CPU
		{B072A5E2-F903-4395-A548-61583A877621}.Release|Any CPU.Deploy.0 = Release|Any CPU
		{B072A5E2-F903-4395-A548-61583A877621}.Release|ARM.ActiveCfg = Release|ARM
		{B072A5E2-F903-4395-A548-61583A877621}.Release|ARM.Build.0 = Release|ARM
		{B072A5E2-F903-4395-A548-61583A877621}.Release|ARM.Deploy.0 = Release|ARM
		{B072A5E2-F903-4395-A548-61583A877621}.Release|ARM64.ActiveCfg = Release|ARM64
		{B072A5E2-F903-4395-A548-61583A877621}.Release|ARM64.Build.0 = Release|ARM64
		{B072A5E2-F903-4395-A548-61583A877621}.Release|ARM64.Deploy.0 = Release|ARM64
		{B072A5E2-F903-4395-A548-61583A877621}.Release|x64.ActiveCfg = Release|x64
		{B072A5E2-F903-4395-A548-61583A877621}.Release|x64.Build.0 = Release|x64
		{B072A5E2-F903-4395-A548-61583A877621}.Release|x64.Deploy.0 = Release|x64
		{B072A5E2-F903-4395-A548-61583A877621}.Release|x86.ActiveCfg = Release|x86
		{B072A5E2-F903-4395-A548-61583A877621}.Release|x86.Build.0 = Release|x86
		{B072A5E2-F903-4395-A548-61583A877621}.Release|x86.Deploy.0 = Release|x86
		{13E313B0-45D8-48AB-B6BB-9FFE74E7F2A7}.Debug|Any CPU.ActiveCfg = Debug|Any CPU
		{13E313B0-45D8-48AB-B6BB-9FFE74E7F2A7}.Debug|Any CPU.Build.0 = Debug|Any CPU
		{13E313B0-45D8-48AB-B6BB-9FFE74E7F2A7}.Debug|Any CPU.Deploy.0 = Debug|Any CPU
		{13E313B0-45D8-48AB-B6BB-9FFE74E7F2A7}.Debug|ARM.ActiveCfg = Debug|ARM
		{13E313B0-45D8-48AB-B6BB-9FFE74E7F2A7}.Debug|ARM.Build.0 = Debug|ARM
		{13E313B0-45D8-48AB-B6BB-9FFE74E7F2A7}.Debug|ARM.Deploy.0 = Debug|ARM
		{13E313B0-45D8-48AB-B6BB-9FFE74E7F2A7}.Debug|ARM64.ActiveCfg = Debug|ARM64
		{13E313B0-45D8-48AB-B6BB-9FFE74E7F2A7}.Debug|ARM64.Build.0 = Debug|ARM64
		{13E313B0-45D8-48AB-B6BB-9FFE74E7F2A7}.Debug|ARM64.Deploy.0 = Debug|ARM64
		{13E313B0-45D8-48AB-B6BB-9FFE74E7F2A7}.Debug|x64.ActiveCfg = Debug|x64
		{13E313B0-45D8-48AB-B6BB-9FFE74E7F2A7}.Debug|x64.Build.0 = Debug|x64
		{13E313B0-45D8-48AB-B6BB-9FFE74E7F2A7}.Debug|x64.Deploy.0 = Debug|x64
		{13E313B0-45D8-48AB-B6BB-9FFE74E7F2A7}.Debug|x86.ActiveCfg = Debug|x86
		{13E313B0-45D8-48AB-B6BB-9FFE74E7F2A7}.Debug|x86.Build.0 = Debug|x86
		{13E313B0-45D8-48AB-B6BB-9FFE74E7F2A7}.Debug|x86.Deploy.0 = Debug|x86
		{13E313B0-45D8-48AB-B6BB-9FFE74E7F2A7}.Release|Any CPU.ActiveCfg = Release|Any CPU
		{13E313B0-45D8-48AB-B6BB-9FFE74E7F2A7}.Release|Any CPU.Build.0 = Release|Any CPU
		{13E313B0-45D8-48AB-B6BB-9FFE74E7F2A7}.Release|Any CPU.Deploy.0 = Release|Any CPU
		{13E313B0-45D8-48AB-B6BB-9FFE74E7F2A7}.Release|ARM.ActiveCfg = Release|ARM
		{13E313B0-45D8-48AB-B6BB-9FFE74E7F2A7}.Release|ARM.Build.0 = Release|ARM
		{13E313B0-45D8-48AB-B6BB-9FFE74E7F2A7}.Release|ARM.Deploy.0 = Release|ARM
		{13E313B0-45D8-48AB-B6BB-9FFE74E7F2A7}.Release|ARM64.ActiveCfg = Release|ARM64
		{13E313B0-45D8-48AB-B6BB-9FFE74E7F2A7}.Release|ARM64.Build.0 = Release|ARM64
		{13E313B0-45D8-48AB-B6BB-9FFE74E7F2A7}.Release|ARM64.Deploy.0 = Release|ARM64
		{13E313B0-45D8-48AB-B6BB-9FFE74E7F2A7}.Release|x64.ActiveCfg = Release|x64
		{13E313B0-45D8-48AB-B6BB-9FFE74E7F2A7}.Release|x64.Build.0 = Release|x64
		{13E313B0-45D8-48AB-B6BB-9FFE74E7F2A7}.Release|x64.Deploy.0 = Release|x64
		{13E313B0-45D8-48AB-B6BB-9FFE74E7F2A7}.Release|x86.ActiveCfg = Release|x86
		{13E313B0-45D8-48AB-B6BB-9FFE74E7F2A7}.Release|x86.Build.0 = Release|x86
		{13E313B0-45D8-48AB-B6BB-9FFE74E7F2A7}.Release|x86.Deploy.0 = Release|x86
		{89D2E384-5851-4F82-A282-66CF9BE4B006}.Debug|Any CPU.ActiveCfg = Debug|Any CPU
		{89D2E384-5851-4F82-A282-66CF9BE4B006}.Debug|Any CPU.Build.0 = Debug|Any CPU
		{89D2E384-5851-4F82-A282-66CF9BE4B006}.Debug|Any CPU.Deploy.0 = Debug|Any CPU
		{89D2E384-5851-4F82-A282-66CF9BE4B006}.Debug|ARM.ActiveCfg = Debug|ARM
		{89D2E384-5851-4F82-A282-66CF9BE4B006}.Debug|ARM.Build.0 = Debug|ARM
		{89D2E384-5851-4F82-A282-66CF9BE4B006}.Debug|ARM.Deploy.0 = Debug|ARM
		{89D2E384-5851-4F82-A282-66CF9BE4B006}.Debug|ARM64.ActiveCfg = Debug|ARM64
		{89D2E384-5851-4F82-A282-66CF9BE4B006}.Debug|ARM64.Build.0 = Debug|ARM64
		{89D2E384-5851-4F82-A282-66CF9BE4B006}.Debug|ARM64.Deploy.0 = Debug|ARM64
		{89D2E384-5851-4F82-A282-66CF9BE4B006}.Debug|x64.ActiveCfg = Debug|x64
		{89D2E384-5851-4F82-A282-66CF9BE4B006}.Debug|x64.Build.0 = Debug|x64
		{89D2E384-5851-4F82-A282-66CF9BE4B006}.Debug|x64.Deploy.0 = Debug|x64
		{89D2E384-5851-4F82-A282-66CF9BE4B006}.Debug|x86.ActiveCfg = Debug|x86
		{89D2E384-5851-4F82-A282-66CF9BE4B006}.Debug|x86.Build.0 = Debug|x86
		{89D2E384-5851-4F82-A282-66CF9BE4B006}.Debug|x86.Deploy.0 = Debug|x86
		{89D2E384-5851-4F82-A282-66CF9BE4B006}.Release|Any CPU.ActiveCfg = Release|Any CPU
		{89D2E384-5851-4F82-A282-66CF9BE4B006}.Release|Any CPU.Build.0 = Release|Any CPU
		{89D2E384-5851-4F82-A282-66CF9BE4B006}.Release|Any CPU.Deploy.0 = Release|Any CPU
		{89D2E384-5851-4F82-A282-66CF9BE4B006}.Release|ARM.ActiveCfg = Release|ARM
		{89D2E384-5851-4F82-A282-66CF9BE4B006}.Release|ARM.Build.0 = Release|ARM
		{89D2E384-5851-4F82-A282-66CF9BE4B006}.Release|ARM.Deploy.0 = Release|ARM
		{89D2E384-5851-4F82-A282-66CF9BE4B006}.Release|ARM64.ActiveCfg = Release|ARM64
		{89D2E384-5851-4F82-A282-66CF9BE4B006}.Release|ARM64.Build.0 = Release|ARM64
		{89D2E384-5851-4F82-A282-66CF9BE4B006}.Release|ARM64.Deploy.0 = Release|ARM64
		{89D2E384-5851-4F82-A282-66CF9BE4B006}.Release|x64.ActiveCfg = Release|x64
		{89D2E384-5851-4F82-A282-66CF9BE4B006}.Release|x64.Build.0 = Release|x64
		{89D2E384-5851-4F82-A282-66CF9BE4B006}.Release|x64.Deploy.0 = Release|x64
		{89D2E384-5851-4F82-A282-66CF9BE4B006}.Release|x86.ActiveCfg = Release|x86
		{89D2E384-5851-4F82-A282-66CF9BE4B006}.Release|x86.Build.0 = Release|x86
		{89D2E384-5851-4F82-A282-66CF9BE4B006}.Release|x86.Deploy.0 = Release|x86
	EndGlobalSection
	GlobalSection(SolutionProperties) = preSolution
		HideSolutionNode = FALSE
	EndGlobalSection
	GlobalSection(ExtensibilityGlobals) = postSolution
		SolutionGuid = {3CCFB80B-300A-40E8-877E-63AB309A51A3}
	EndGlobalSection
EndGlobal
